	<Project xmlns="http://schemas.microsoft.com/developer/msbuild/2003">
		<PropertyGroup>
			<ProjectGuid>{32576235-0066-4B42-9CFE-AC2A094DD2BD}</ProjectGuid>
			<MainSource>farcolony.dpr</MainSource>
			<Config Condition="'$(Config)'==''">Debug</Config>
			<DCC_DCCCompiler>DCC32</DCC_DCCCompiler>
			<ProjectVersion>12.0</ProjectVersion>
		</PropertyGroup>
		<PropertyGroup Condition="'$(Config)'=='Base' or '$(Base)'!=''">
			<Base>true</Base>
		</PropertyGroup>
		<PropertyGroup Condition="'$(Config)'=='Release' or '$(Cfg_1)'!=''">
			<Cfg_1>true</Cfg_1>
			<CfgParent>Base</CfgParent>
			<Base>true</Base>
		</PropertyGroup>
		<PropertyGroup Condition="'$(Config)'=='Debug' or '$(Cfg_2)'!=''">
			<Cfg_2>true</Cfg_2>
			<CfgParent>Base</CfgParent>
			<Base>true</Base>
		</PropertyGroup>
		<PropertyGroup Condition="'$(Base)'!=''">
			<DCC_MaxStackSize>2097152</DCC_MaxStackSize>
			<DCC_IntegerOverflowCheck>true</DCC_IntegerOverflowCheck>
			<DCC_UsePackage>vclx;vcl;VclSmp;rtl;vclactnband;xmlrtl;inet;intrawebdb_100_120;Intraweb_100_120;vclie;webdsnap;dbrtl;vcldb;inetdbbde;inetdbxpress;DbxCommonDriver;DbxClientDriver;DBXInterBaseDriver;DBXMySQLDriver;DBXSybaseASEDriver;DBXSybaseASADriver;DBXOracleDriver;DBXMSSQLDriver;DBXInformixDriver;DBXDb2Driver;bdertl;tmsd2009;tmsexd2009;VampyreImagingPackageCRS;GR32_DSGN_RS2009;GR32_RS2009;GLScene_RunTime</DCC_UsePackage>
			<DCC_RangeChecking>true</DCC_RangeChecking>
			<DCC_ImageBase>00400000</DCC_ImageBase>
			<DCC_SymbolReferenceInfo>1</DCC_SymbolReferenceInfo>
			<DCC_DependencyCheckOutputName>farcolony.exe</DCC_DependencyCheckOutputName>
			<DCC_UnitAlias>WinTypes=Windows;WinProcs=Windows;DbiTypes=BDE;DbiProcs=BDE;DbiErrs=BDE;$(DCC_UnitAlias)</DCC_UnitAlias>
			<DCC_Platform>x86</DCC_Platform>
			<DCC_N>true</DCC_N>
			<DCC_S>false</DCC_S>
			<DCC_K>false</DCC_K>
			<DCC_E>false</DCC_E>
			<DCC_F>false</DCC_F>
		</PropertyGroup>
		<PropertyGroup Condition="'$(Cfg_1)'!=''">
			<DCC_LocalDebugSymbols>false</DCC_LocalDebugSymbols>
			<DCC_Define>RELEASE;$(DCC_Define)</DCC_Define>
			<DCC_SymbolReferenceInfo>0</DCC_SymbolReferenceInfo>
			<DCC_DebugInformation>false</DCC_DebugInformation>
		</PropertyGroup>
		<PropertyGroup Condition="'$(Cfg_2)'!=''">
			<DCC_Define>DEBUG;$(DCC_Define)</DCC_Define>
		</PropertyGroup>
		<ItemGroup>
			<DelphiCompile Include="farcolony.dpr">
				<MainSource>MainSource</MainSource>
			</DelphiCompile>
			<DCCReference Include="farc_main.pas">
				<Form>FCWinMain</Form>
			</DCCReference>
			<DCCReference Include="data\farc_data_init.pas"/>
			<DCCReference Include="common\farc_common_func.pas"/>
			<DCCReference Include="ui\farc_ui_win.pas"/>
			<DCCReference Include="data\farc_data_files.pas"/>
			<DCCReference Include="data\farc_data_textfiles.pas"/>
			<DCCReference Include="ui\farc_win_newgset.pas">
				<Form>FCWinNewGSetup</Form>
			</DCCReference>
			<DCCReference Include="game\farc_game_newg.pas"/>
			<DCCReference Include="gfx\farc_ogl_viewmain.pas"/>
			<DCCReference Include="gfx\farc_ogl_init.pas"/>
			<DCCReference Include="gfx\farc_ogl_ui.pas"/>
			<DCCReference Include="ui\farc_ui_keys.pas"/>
			<DCCReference Include="game\farc_game_gameflow.pas"/>
			<DCCReference Include="spu\farc_spu_functions.pas"/>
			<DCCReference Include="ui\farc_win_about.pas">
				<Form>FCWinAbout</Form>
			</DCCReference>
			<DCCReference Include="game\farc_game_contg.pas"/>
			<DCCReference Include="univ\farc_univ_func.pas"/>
			<DCCReference Include="ui\farc_win_fug.pas">
				<Form>FCWinFUG</Form>
			</DCCReference>
			<DCCReference Include="game\farc_game_csm.pas"/>
			<DCCReference Include="game\farc_game_colony.pas"/>
			<DCCReference Include="game\farc_game_csmevents.pas"/>
			<DCCReference Include="game\farc_game_cps.pas"/>
			<DCCReference Include="game\farc_game_spm.pas"/>
			<DCCReference Include="ui\farc_win_debug.pas">
				<Form>FCWinDebug</Form>
			</DCCReference>
			<DCCReference Include="game\farc_game_infra.pas"/>
			<DCCReference Include="univ\farc_fug_com.pas"/>
			<DCCReference Include="data\farc_data_univ.pas"/>
			<DCCReference Include="data\farc_data_game.pas"/>
			<DCCReference Include="data\farc_data_infrprod.pas"/>
			<DCCReference Include="univ\farc_fug_stars.pas"/>
			<DCCReference Include="univ\farc_fug_data.pas"/>
			<DCCReference Include="game\farc_game_pgs.pas"/>
			<DCCReference Include="game\farc_game_core.pas"/>
			<DCCReference Include="game\farc_game_spmdata.pas"/>
			<DCCReference Include="ui\farc_ui_umi.pas"/>
			<DCCReference Include="ui\farc_ui_msges.pas"/>
			<DCCReference Include="game\farc_game_spmpolicies.pas"/>
			<DCCReference Include="univ\farc_fug_orbits.pas"/>
			<DCCReference Include="gfx\farc_gfx_core.pas"/>
			<DCCReference Include="ui\farc_ui_surfpanel.pas"/>
			<DCCReference Include="game\farc_game_prod.pas"/>
			<DCCReference Include="game\farc_game_prodmodes.pas"/>
			<DCCReference Include="data\farc_data_research.pas"/>
			<DCCReference Include="game\farc_game_infracustomfx.pas"/>
			<DCCReference Include="game\farc_game_infraconsys.pas"/>
			<DCCReference Include="ui\farc_ui_coldatapanel.pas"/>
			<DCCReference Include="ui\farc_ui_infrapanel.pas"/>
			<DCCReference Include="ui\farc_ui_html.pas"/>
			<DCCReference Include="univ\farc_fug_habidx.pas"/>
			<DCCReference Include="game\farc_game_prodSeg1.pas"/>
			<DCCReference Include="game\farc_game_energymodes.pas"/>
			<DCCReference Include="game\farc_game_prodSeg2.pas"/>
			<DCCReference Include="game\farc_game_spmcfx.pas"/>
			<DCCReference Include="game\farc_game_prodSeg5.pas"/>
			<DCCReference Include="game\farc_game_infrafunctions.pas"/>
			<DCCReference Include="game\farc_game_infrastaff.pas"/>
			<DCCReference Include="data\farc_data_filesavegame.pas"/>
			<DCCReference Include="game\farc_game_prodrsrcspots.pas"/>
			<DCCReference Include="ui\farc_ui_coredatadisplay.pas"/>
			<DCCReference Include="game\farc_game_cpsobjectives.pas"/>
			<DCCReference Include="ui\farc_ui_cps.pas"/>
			<DCCReference Include="game\farc_game_entitiesfactions.pas"/>
			<DCCReference Include="game\farc_game_colonyrves.pas"/>
			<DCCReference Include="game\farc_game_prodSeg3.pas"/>
			<DCCReference Include="data\farc_data_pgs.pas"/>
			<DCCReference Include="data\farc_data_spu.pas"/>
			<DCCReference Include="data\farc_data_3dopengl.pas"/>
			<DCCReference Include="data\farc_data_html.pas"/>
			<DCCReference Include="data\farc_data_messages.pas"/>
			<DCCReference Include="data\farc_data_spm.pas"/>
			<DCCReference Include="data\farc_data_missionstasks.pas"/>
			<DCCReference Include="ui\farc_ui_umifaction.pas"/>
			<DCCReference Include="missions\farc_missions_landing.pas"/>
			<DCCReference Include="missions\farc_missions_core.pas"/>
			<DCCReference Include="missions\farc_missions_colonization.pas"/>
			<DCCReference Include="missions\farc_missions_interplanetarytransit.pas"/>
			<DCCReference Include="ui\farc_ui_missionsetup.pas"/>
			<DCCReference Include="game\farc_game_tasksystem.pas"/>
			<DCCReference Include="ogl\farc_ogl_functions.pas"/>
			<DCCReference Include="ui\farc_ui_actionpanel.pas"/>
			<DCCReference Include="spm\farc_spm_memes.pas"/>
			<DCCReference Include="ui\farc_ui_planetarysurvey.pas"/>
			<BuildConfiguration Include="Base">
				<Key>Base</Key>
			</BuildConfiguration>
			<BuildConfiguration Include="Release">
				<Key>Cfg_1</Key>
				<CfgParent>Base</CfgParent>
			</BuildConfiguration>
			<BuildConfiguration Include="Debug">
				<Key>Cfg_2</Key>
				<CfgParent>Base</CfgParent>
			</BuildConfiguration>
		</ItemGroup>
		<Import Project="$(BDS)\Bin\CodeGear.Delphi.Targets" Condition="Exists('$(BDS)\Bin\CodeGear.Delphi.Targets')"/>
		<ProjectExtensions>
			<Borland.Personality>Delphi.Personality.12</Borland.Personality>
			<Borland.ProjectType/>
			<BorlandProject>
				<Delphi.Personality>
					<Source>
						<Source Name="MainSource">farcolony.dpr</Source>
					</Source>
					<Parameters>
						<Parameters Name="UseLauncher">False</Parameters>
						<Parameters Name="LoadAllSymbols">True</Parameters>
						<Parameters Name="LoadUnspecifiedSymbols">False</Parameters>
					</Parameters>
					<VersionInfo>
						<VersionInfo Name="IncludeVerInfo">True</VersionInfo>
						<VersionInfo Name="AutoIncBuild">True</VersionInfo>
						<VersionInfo Name="MajorVer">0</VersionInfo>
						<VersionInfo Name="MinorVer">5</VersionInfo>
						<VersionInfo Name="Release">5</VersionInfo>
						<VersionInfo Name="Build">911</VersionInfo>
						<VersionInfo Name="Debug">False</VersionInfo>
						<VersionInfo Name="PreRelease">False</VersionInfo>
						<VersionInfo Name="Special">False</VersionInfo>
						<VersionInfo Name="Private">False</VersionInfo>
						<VersionInfo Name="DLL">False</VersionInfo>
						<VersionInfo Name="Locale">1033</VersionInfo>
						<VersionInfo Name="CodePage">1252</VersionInfo>
					</VersionInfo>
					<VersionInfoKeys>
						<VersionInfoKeys Name="CompanyName"/>
						<VersionInfoKeys Name="FileDescription"/>
						<VersionInfoKeys Name="FileVersion">0.5.5.911</VersionInfoKeys>
						<VersionInfoKeys Name="InternalName"/>
						<VersionInfoKeys Name="LegalCopyright">2009-2012 - Jean-Francois Baconnet</VersionInfoKeys>
						<VersionInfoKeys Name="LegalTrademarks"/>
						<VersionInfoKeys Name="OriginalFilename"/>
						<VersionInfoKeys Name="ProductName">FAR Colony</VersionInfoKeys>
						<VersionInfoKeys Name="ProductVersion">1.0.0.0</VersionInfoKeys>
						<VersionInfoKeys Name="Comments"/>
					</VersionInfoKeys>
					<Excluded_Packages>
						<Excluded_Packages Name="$(BDS)\bin\dclofficexp120.bpl">Microsoft Office XP Sample Automation Server Wrapper Components</Excluded_Packages>
						<Excluded_Packages Name="$(BDS)\bin\dcloffice2k120.bpl">Microsoft Office 2000 Sample Automation Server Wrapper Components</Excluded_Packages>
					</Excluded_Packages>
				</Delphi.Personality>
				<ModelSupport>False</ModelSupport>
			</BorlandProject>
			<ProjectFileVersion>12</ProjectFileVersion>
		</ProjectExtensions>
	</Project>
